
Microsoft Visual Studio Solution File, Format Version 12.00
# Visual Studio Version 17
VisualStudioVersion = 17.13.35931.197 d17.13
MinimumVisualStudioVersion = 10.0.40219.1
Project("{FAE04EC0-301F-11D3-BF4B-00C04F79EFBC}") = "FlashSale.API", "FlashSale.API\FlashSale.API.csproj", "{BA14A0AF-6BDA-4709-A1C4-0499C4B0D53E}"
EndProject
Global
	GlobalSection(SolutionConfigurationPlatforms) = preSolution
		Debug|Any CPU = Debug|Any CPU
		Release|Any CPU = Release|Any CPU
	EndGlobalSection
	GlobalSection(ProjectConfigurationPlatforms) = postSolution
		{BA14A0AF-6BDA-4709-A1C4-0499C4B0D53E}.Debug|Any CPU.ActiveCfg = Debug|Any CPU
		{BA14A0AF-6BDA-4709-A1C4-0499C4B0D53E}.Debug|Any CPU.Build.0 = Debug|Any CPU
		{BA14A0AF-6BDA-4709-A1C4-0499C4B0D53E}.Release|Any CPU.ActiveCfg = Release|Any CPU
		{BA14A0AF-6BDA-4709-A1C4-0499C4B0D53E}.Release|Any CPU.Build.0 = Release|Any CPU
	EndGlobalSection
	GlobalSection(SolutionProperties) = preSolution
		HideSolutionNode = FALSE
	EndGlobalSection
	GlobalSection(ExtensibilityGlobals) = postSolution
		SolutionGuid = {618495C2-A1E9-4F0C-B2FF-41788A7D1ADD}
	EndGlobalSection
EndGlobal
